
Microsoft Visual Studio Solution File, Format Version 11.00
# Visual Studio 2010
Project("{FAE04EC0-301F-11D3-BF4B-00C04F79EFBC}") = "Landscape.Core", "Landscape.Core\Landscape.Core.csproj", "{00EA1804-0946-4022-9A1D-1904E6DDCC83}"
EndProject
Project("{2150E333-8FDC-42A3-9474-1A3956D46DE8}") = "Chinook", "Chinook", "{765DBFDE-2691-4E32-82C1-773A47E76143}"
EndProject
Project("{FAE04EC0-301F-11D3-BF4B-00C04F79EFBC}") = "Chinook.Web", "Chinook.Web\Chinook.Web.csproj", "{6E113117-8A79-443C-8EAF-396EDC8792C3}"
EndProject
Global
	GlobalSection(SolutionConfigurationPlatforms) = preSolution
		Debug|Any CPU = Debug|Any CPU
		Release|Any CPU = Release|Any CPU
	EndGlobalSection
	GlobalSection(ProjectConfigurationPlatforms) = postSolution
		{00EA1804-0946-4022-9A1D-1904E6DDCC83}.Debug|Any CPU.ActiveCfg = Debug|Any CPU
		{00EA1804-0946-4022-9A1D-1904E6DDCC83}.Debug|Any CPU.Build.0 = Debug|Any CPU
		{00EA1804-0946-4022-9A1D-1904E6DDCC83}.Release|Any CPU.ActiveCfg = Release|Any CPU
		{00EA1804-0946-4022-9A1D-1904E6DDCC83}.Release|Any CPU.Build.0 = Release|Any CPU
		{6E113117-8A79-443C-8EAF-396EDC8792C3}.Debug|Any CPU.ActiveCfg = Debug|Any CPU
		{6E113117-8A79-443C-8EAF-396EDC8792C3}.Debug|Any CPU.Build.0 = Debug|Any CPU
		{6E113117-8A79-443C-8EAF-396EDC8792C3}.Release|Any CPU.ActiveCfg = Release|Any CPU
		{6E113117-8A79-443C-8EAF-396EDC8792C3}.Release|Any CPU.Build.0 = Release|Any CPU
	EndGlobalSection
	GlobalSection(SolutionProperties) = preSolution
		HideSolutionNode = FALSE
	EndGlobalSection
	GlobalSection(NestedProjects) = preSolution
		{6E113117-8A79-443C-8EAF-396EDC8792C3} = {765DBFDE-2691-4E32-82C1-773A47E76143}
	EndGlobalSection
EndGlobal
