
Microsoft Visual Studio Solution File, Format Version 11.00
# Visual Studio 2010
Project("{FAE04EC0-301F-11D3-BF4B-00C04F79EFBC}") = "Landscape.Web", "Landscape.Web\Landscape.Web.csproj", "{62F09C7A-7C74-4CFF-A9B3-3E45A68F005C}"
EndProject
Project("{FAE04EC0-301F-11D3-BF4B-00C04F79EFBC}") = "Landscape.Core", "Landscape.Core\Landscape.Core.csproj", "{00EA1804-0946-4022-9A1D-1904E6DDCC83}"
EndProject
Project("{FAE04EC0-301F-11D3-BF4B-00C04F79EFBC}") = "Landscape.Dtos", "Landscape.Dtos\Landscape.Dtos.csproj", "{3EF21289-0648-4B0B-9334-1A2A61B75FEC}"
EndProject
Global
	GlobalSection(SolutionConfigurationPlatforms) = preSolution
		Debug|Any CPU = Debug|Any CPU
		Release|Any CPU = Release|Any CPU
	EndGlobalSection
	GlobalSection(ProjectConfigurationPlatforms) = postSolution
		{62F09C7A-7C74-4CFF-A9B3-3E45A68F005C}.Debug|Any CPU.ActiveCfg = Debug|Any CPU
		{62F09C7A-7C74-4CFF-A9B3-3E45A68F005C}.Debug|Any CPU.Build.0 = Debug|Any CPU
		{62F09C7A-7C74-4CFF-A9B3-3E45A68F005C}.Release|Any CPU.ActiveCfg = Release|Any CPU
		{62F09C7A-7C74-4CFF-A9B3-3E45A68F005C}.Release|Any CPU.Build.0 = Release|Any CPU
		{00EA1804-0946-4022-9A1D-1904E6DDCC83}.Debug|Any CPU.ActiveCfg = Debug|Any CPU
		{00EA1804-0946-4022-9A1D-1904E6DDCC83}.Debug|Any CPU.Build.0 = Debug|Any CPU
		{00EA1804-0946-4022-9A1D-1904E6DDCC83}.Release|Any CPU.ActiveCfg = Release|Any CPU
		{00EA1804-0946-4022-9A1D-1904E6DDCC83}.Release|Any CPU.Build.0 = Release|Any CPU
		{3EF21289-0648-4B0B-9334-1A2A61B75FEC}.Debug|Any CPU.ActiveCfg = Debug|Any CPU
		{3EF21289-0648-4B0B-9334-1A2A61B75FEC}.Debug|Any CPU.Build.0 = Debug|Any CPU
		{3EF21289-0648-4B0B-9334-1A2A61B75FEC}.Release|Any CPU.ActiveCfg = Release|Any CPU
		{3EF21289-0648-4B0B-9334-1A2A61B75FEC}.Release|Any CPU.Build.0 = Release|Any CPU
	EndGlobalSection
	GlobalSection(SolutionProperties) = preSolution
		HideSolutionNode = FALSE
	EndGlobalSection
EndGlobal
