
Microsoft Visual Studio Solution File, Format Version 11.00
# Visual Studio 2010
Project("{FAE04EC0-301F-11D3-BF4B-00C04F79EFBC}") = "Landscape.Core", "Landscape.Core\Landscape.Core.csproj", "{00EA1804-0946-4022-9A1D-1904E6DDCC83}"
EndProject
Project("{2150E333-8FDC-42A3-9474-1A3956D46DE8}") = "Example", "Example", "{ED33E20C-D512-4CCB-A817-9C93F1A15076}"
EndProject
Project("{FAE04EC0-301F-11D3-BF4B-00C04F79EFBC}") = "Restbucks.UI", "Restbucks.UI\Restbucks.UI.csproj", "{BC2E3F68-C0D4-474D-919E-C221EC8B0DFC}"
EndProject
Project("{FAE04EC0-301F-11D3-BF4B-00C04F79EFBC}") = "Restbucks.Domain", "Restbucks.Domain\Restbucks.Domain.csproj", "{0DB77AB2-78C0-4021-880E-F182C251F96C}"
EndProject
Project("{FAE04EC0-301F-11D3-BF4B-00C04F79EFBC}") = "Restbucks.Commands", "Restbucks.Commands\Restbucks.Commands.csproj", "{457BE0FD-F8CA-471B-8126-35BF2408DC39}"
EndProject
Project("{FAE04EC0-301F-11D3-BF4B-00C04F79EFBC}") = "Restbucks.Events", "Restbucks.Events\Restbucks.Events.csproj", "{11339A2A-D215-4FBD-AB3E-97ACBEEA1A73}"
EndProject
Project("{FAE04EC0-301F-11D3-BF4B-00C04F79EFBC}") = "Restbucks.Core", "Restbucks.Core\Restbucks.Core.csproj", "{BCDA5495-B862-43B7-BF75-CDB233D4B786}"
EndProject
Project("{FAE04EC0-301F-11D3-BF4B-00C04F79EFBC}") = "Restbucks.Commands.Mappings", "Restbucks.Commands.Mappings\Restbucks.Commands.Mappings.csproj", "{68EB7F31-9274-4860-A124-2AC82F475C98}"
EndProject
Project("{2150E333-8FDC-42A3-9474-1A3956D46DE8}") = "Tests", "Tests", "{5951B85B-C9B5-48A4-A598-ABBC150045F1}"
EndProject
Project("{FAE04EC0-301F-11D3-BF4B-00C04F79EFBC}") = "Restbucks.Domain.Tests", "Restbucks.Domain.Tests\Restbucks.Domain.Tests.csproj", "{38E80F16-0D4B-41B9-81D5-E1184A7F6E3E}"
EndProject
Project("{FAE04EC0-301F-11D3-BF4B-00C04F79EFBC}") = "Restbucks.Events.Tests", "Restbucks.Events.Tests\Restbucks.Events.Tests.csproj", "{DEF8F3BB-A441-4581-8A31-C3A9BCF76572}"
EndProject
Project("{FAE04EC0-301F-11D3-BF4B-00C04F79EFBC}") = "Restbucks.BoundedContextCommunication", "Restbucks.BoundedContextCommunication\Restbucks.BoundedContextCommunication.csproj", "{B42BB193-A29A-4F70-BAF2-822F8259F5C6}"
EndProject
Project("{2150E333-8FDC-42A3-9474-1A3956D46DE8}") = "Sagas", "Sagas", "{D8EDE290-FC76-40C2-8019-6B2D152C0E73}"
EndProject
Project("{FAE04EC0-301F-11D3-BF4B-00C04F79EFBC}") = "Ncqrs.Saga", "Ncqrs.Saga\Ncqrs.Saga.csproj", "{4B18E343-57DE-4764-8F91-B26A2896F72C}"
EndProject
Project("{FAE04EC0-301F-11D3-BF4B-00C04F79EFBC}") = "Restbucks.Sagas", "Restbucks.Sagas\Restbucks.Sagas.csproj", "{9A9F70D7-1AE6-4D22-9DE0-243A104CA3CD}"
EndProject
Global
	GlobalSection(SolutionConfigurationPlatforms) = preSolution
		Debug|Any CPU = Debug|Any CPU
		Release|Any CPU = Release|Any CPU
	EndGlobalSection
	GlobalSection(ProjectConfigurationPlatforms) = postSolution
		{00EA1804-0946-4022-9A1D-1904E6DDCC83}.Debug|Any CPU.ActiveCfg = Debug|Any CPU
		{00EA1804-0946-4022-9A1D-1904E6DDCC83}.Debug|Any CPU.Build.0 = Debug|Any CPU
		{00EA1804-0946-4022-9A1D-1904E6DDCC83}.Release|Any CPU.ActiveCfg = Release|Any CPU
		{00EA1804-0946-4022-9A1D-1904E6DDCC83}.Release|Any CPU.Build.0 = Release|Any CPU
		{BC2E3F68-C0D4-474D-919E-C221EC8B0DFC}.Debug|Any CPU.ActiveCfg = Debug|Any CPU
		{BC2E3F68-C0D4-474D-919E-C221EC8B0DFC}.Debug|Any CPU.Build.0 = Debug|Any CPU
		{BC2E3F68-C0D4-474D-919E-C221EC8B0DFC}.Release|Any CPU.ActiveCfg = Release|Any CPU
		{BC2E3F68-C0D4-474D-919E-C221EC8B0DFC}.Release|Any CPU.Build.0 = Release|Any CPU
		{0DB77AB2-78C0-4021-880E-F182C251F96C}.Debug|Any CPU.ActiveCfg = Debug|Any CPU
		{0DB77AB2-78C0-4021-880E-F182C251F96C}.Debug|Any CPU.Build.0 = Debug|Any CPU
		{0DB77AB2-78C0-4021-880E-F182C251F96C}.Release|Any CPU.ActiveCfg = Release|Any CPU
		{0DB77AB2-78C0-4021-880E-F182C251F96C}.Release|Any CPU.Build.0 = Release|Any CPU
		{457BE0FD-F8CA-471B-8126-35BF2408DC39}.Debug|Any CPU.ActiveCfg = Debug|Any CPU
		{457BE0FD-F8CA-471B-8126-35BF2408DC39}.Debug|Any CPU.Build.0 = Debug|Any CPU
		{457BE0FD-F8CA-471B-8126-35BF2408DC39}.Release|Any CPU.ActiveCfg = Release|Any CPU
		{457BE0FD-F8CA-471B-8126-35BF2408DC39}.Release|Any CPU.Build.0 = Release|Any CPU
		{11339A2A-D215-4FBD-AB3E-97ACBEEA1A73}.Debug|Any CPU.ActiveCfg = Debug|Any CPU
		{11339A2A-D215-4FBD-AB3E-97ACBEEA1A73}.Debug|Any CPU.Build.0 = Debug|Any CPU
		{11339A2A-D215-4FBD-AB3E-97ACBEEA1A73}.Release|Any CPU.ActiveCfg = Release|Any CPU
		{11339A2A-D215-4FBD-AB3E-97ACBEEA1A73}.Release|Any CPU.Build.0 = Release|Any CPU
		{BCDA5495-B862-43B7-BF75-CDB233D4B786}.Debug|Any CPU.ActiveCfg = Debug|Any CPU
		{BCDA5495-B862-43B7-BF75-CDB233D4B786}.Debug|Any CPU.Build.0 = Debug|Any CPU
		{BCDA5495-B862-43B7-BF75-CDB233D4B786}.Release|Any CPU.ActiveCfg = Release|Any CPU
		{BCDA5495-B862-43B7-BF75-CDB233D4B786}.Release|Any CPU.Build.0 = Release|Any CPU
		{68EB7F31-9274-4860-A124-2AC82F475C98}.Debug|Any CPU.ActiveCfg = Debug|Any CPU
		{68EB7F31-9274-4860-A124-2AC82F475C98}.Debug|Any CPU.Build.0 = Debug|Any CPU
		{68EB7F31-9274-4860-A124-2AC82F475C98}.Release|Any CPU.ActiveCfg = Release|Any CPU
		{68EB7F31-9274-4860-A124-2AC82F475C98}.Release|Any CPU.Build.0 = Release|Any CPU
		{38E80F16-0D4B-41B9-81D5-E1184A7F6E3E}.Debug|Any CPU.ActiveCfg = Debug|Any CPU
		{38E80F16-0D4B-41B9-81D5-E1184A7F6E3E}.Debug|Any CPU.Build.0 = Debug|Any CPU
		{38E80F16-0D4B-41B9-81D5-E1184A7F6E3E}.Release|Any CPU.ActiveCfg = Release|Any CPU
		{38E80F16-0D4B-41B9-81D5-E1184A7F6E3E}.Release|Any CPU.Build.0 = Release|Any CPU
		{DEF8F3BB-A441-4581-8A31-C3A9BCF76572}.Debug|Any CPU.ActiveCfg = Debug|Any CPU
		{DEF8F3BB-A441-4581-8A31-C3A9BCF76572}.Debug|Any CPU.Build.0 = Debug|Any CPU
		{DEF8F3BB-A441-4581-8A31-C3A9BCF76572}.Release|Any CPU.ActiveCfg = Release|Any CPU
		{DEF8F3BB-A441-4581-8A31-C3A9BCF76572}.Release|Any CPU.Build.0 = Release|Any CPU
		{B42BB193-A29A-4F70-BAF2-822F8259F5C6}.Debug|Any CPU.ActiveCfg = Debug|Any CPU
		{B42BB193-A29A-4F70-BAF2-822F8259F5C6}.Debug|Any CPU.Build.0 = Debug|Any CPU
		{B42BB193-A29A-4F70-BAF2-822F8259F5C6}.Release|Any CPU.ActiveCfg = Release|Any CPU
		{B42BB193-A29A-4F70-BAF2-822F8259F5C6}.Release|Any CPU.Build.0 = Release|Any CPU
		{4B18E343-57DE-4764-8F91-B26A2896F72C}.Debug|Any CPU.ActiveCfg = Debug|Any CPU
		{4B18E343-57DE-4764-8F91-B26A2896F72C}.Debug|Any CPU.Build.0 = Debug|Any CPU
		{4B18E343-57DE-4764-8F91-B26A2896F72C}.Release|Any CPU.ActiveCfg = Release|Any CPU
		{4B18E343-57DE-4764-8F91-B26A2896F72C}.Release|Any CPU.Build.0 = Release|Any CPU
		{9A9F70D7-1AE6-4D22-9DE0-243A104CA3CD}.Debug|Any CPU.ActiveCfg = Debug|Any CPU
		{9A9F70D7-1AE6-4D22-9DE0-243A104CA3CD}.Debug|Any CPU.Build.0 = Debug|Any CPU
		{9A9F70D7-1AE6-4D22-9DE0-243A104CA3CD}.Release|Any CPU.ActiveCfg = Release|Any CPU
		{9A9F70D7-1AE6-4D22-9DE0-243A104CA3CD}.Release|Any CPU.Build.0 = Release|Any CPU
	EndGlobalSection
	GlobalSection(SolutionProperties) = preSolution
		HideSolutionNode = FALSE
	EndGlobalSection
	GlobalSection(NestedProjects) = preSolution
		{BC2E3F68-C0D4-474D-919E-C221EC8B0DFC} = {ED33E20C-D512-4CCB-A817-9C93F1A15076}
		{0DB77AB2-78C0-4021-880E-F182C251F96C} = {ED33E20C-D512-4CCB-A817-9C93F1A15076}
		{457BE0FD-F8CA-471B-8126-35BF2408DC39} = {ED33E20C-D512-4CCB-A817-9C93F1A15076}
		{11339A2A-D215-4FBD-AB3E-97ACBEEA1A73} = {ED33E20C-D512-4CCB-A817-9C93F1A15076}
		{BCDA5495-B862-43B7-BF75-CDB233D4B786} = {ED33E20C-D512-4CCB-A817-9C93F1A15076}
		{68EB7F31-9274-4860-A124-2AC82F475C98} = {ED33E20C-D512-4CCB-A817-9C93F1A15076}
		{5951B85B-C9B5-48A4-A598-ABBC150045F1} = {ED33E20C-D512-4CCB-A817-9C93F1A15076}
		{B42BB193-A29A-4F70-BAF2-822F8259F5C6} = {ED33E20C-D512-4CCB-A817-9C93F1A15076}
		{9A9F70D7-1AE6-4D22-9DE0-243A104CA3CD} = {ED33E20C-D512-4CCB-A817-9C93F1A15076}
		{38E80F16-0D4B-41B9-81D5-E1184A7F6E3E} = {5951B85B-C9B5-48A4-A598-ABBC150045F1}
		{DEF8F3BB-A441-4581-8A31-C3A9BCF76572} = {5951B85B-C9B5-48A4-A598-ABBC150045F1}
		{4B18E343-57DE-4764-8F91-B26A2896F72C} = {D8EDE290-FC76-40C2-8019-6B2D152C0E73}
	EndGlobalSection
EndGlobal
