
Microsoft Visual Studio Solution File, Format Version 11.00
# Visual Studio 2010
Project("{FAE04EC0-301F-11D3-BF4B-00C04F79EFBC}") = "Landscape.Core", "Landscape.Core\Landscape.Core.csproj", "{00EA1804-0946-4022-9A1D-1904E6DDCC83}"
EndProject
Project("{2150E333-8FDC-42A3-9474-1A3956D46DE8}") = "Example", "Example", "{ED33E20C-D512-4CCB-A817-9C93F1A15076}"
EndProject
Project("{FAE04EC0-301F-11D3-BF4B-00C04F79EFBC}") = "Restbucks.UI", "Restbucks.UI\Restbucks.UI.csproj", "{BC2E3F68-C0D4-474D-919E-C221EC8B0DFC}"
EndProject
Global
	GlobalSection(SolutionConfigurationPlatforms) = preSolution
		Debug|Any CPU = Debug|Any CPU
		Release|Any CPU = Release|Any CPU
	EndGlobalSection
	GlobalSection(ProjectConfigurationPlatforms) = postSolution
		{00EA1804-0946-4022-9A1D-1904E6DDCC83}.Debug|Any CPU.ActiveCfg = Debug|Any CPU
		{00EA1804-0946-4022-9A1D-1904E6DDCC83}.Debug|Any CPU.Build.0 = Debug|Any CPU
		{00EA1804-0946-4022-9A1D-1904E6DDCC83}.Release|Any CPU.ActiveCfg = Release|Any CPU
		{00EA1804-0946-4022-9A1D-1904E6DDCC83}.Release|Any CPU.Build.0 = Release|Any CPU
		{BC2E3F68-C0D4-474D-919E-C221EC8B0DFC}.Debug|Any CPU.ActiveCfg = Debug|Any CPU
		{BC2E3F68-C0D4-474D-919E-C221EC8B0DFC}.Debug|Any CPU.Build.0 = Debug|Any CPU
		{BC2E3F68-C0D4-474D-919E-C221EC8B0DFC}.Release|Any CPU.ActiveCfg = Release|Any CPU
		{BC2E3F68-C0D4-474D-919E-C221EC8B0DFC}.Release|Any CPU.Build.0 = Release|Any CPU
	EndGlobalSection
	GlobalSection(SolutionProperties) = preSolution
		HideSolutionNode = FALSE
	EndGlobalSection
	GlobalSection(NestedProjects) = preSolution
		{BC2E3F68-C0D4-474D-919E-C221EC8B0DFC} = {ED33E20C-D512-4CCB-A817-9C93F1A15076}
	EndGlobalSection
EndGlobal
