
Microsoft Visual Studio Solution File, Format Version 11.00
# Visual Studio 2010
Project("{FAE04EC0-301F-11D3-BF4B-00C04F79EFBC}") = "Landscape.Core", "Landscape.Core\Landscape.Core.csproj", "{00EA1804-0946-4022-9A1D-1904E6DDCC83}"
EndProject
Project("{2150E333-8FDC-42A3-9474-1A3956D46DE8}") = "Example", "Example", "{ED33E20C-D512-4CCB-A817-9C93F1A15076}"
EndProject
Project("{FAE04EC0-301F-11D3-BF4B-00C04F79EFBC}") = "Restbucks.UI", "Restbucks.UI\Restbucks.UI.csproj", "{BC2E3F68-C0D4-474D-919E-C221EC8B0DFC}"
EndProject
Project("{FAE04EC0-301F-11D3-BF4B-00C04F79EFBC}") = "LandscapeJs", "LandscapeJs\LandscapeJs.csproj", "{16557BCB-056F-45E6-8044-46E19F406E79}"
EndProject
Project("{FAE04EC0-301F-11D3-BF4B-00C04F79EFBC}") = "Example.UI", "Example\Example.UI\Example.UI.csproj", "{3D468146-5993-4151-A9D7-E66FAFB78920}"
EndProject
Project("{FAE04EC0-301F-11D3-BF4B-00C04F79EFBC}") = "Example.Commands", "Example\Example.Commands\Example.Commands.csproj", "{C25F3937-A414-4397-80FB-9802CF034E5C}"
EndProject
Project("{FAE04EC0-301F-11D3-BF4B-00C04F79EFBC}") = "Example.Core", "Example\Example.Core\Example.Core.csproj", "{B64FF99A-9F06-4270-8F8E-D1F39998916E}"
EndProject
Project("{FAE04EC0-301F-11D3-BF4B-00C04F79EFBC}") = "Example.Events", "Example\Example.Events\Example.Events.csproj", "{3CA57348-CBBE-454D-AB4B-B9890DD6C2F1}"
EndProject
Project("{FAE04EC0-301F-11D3-BF4B-00C04F79EFBC}") = "Example.Domain", "Example\Example.Domain\Example.Domain.csproj", "{0AB1DFC4-7F7D-46B9-9DC5-092B948F31A9}"
EndProject
Project("{FAE04EC0-301F-11D3-BF4B-00C04F79EFBC}") = "Example.Domain.Tests", "Example\Example.Domain.Tests\Example.Domain.Tests.csproj", "{26ABAC41-2681-4A63-89EB-24430636D5A7}"
EndProject
Project("{FAE04EC0-301F-11D3-BF4B-00C04F79EFBC}") = "Example.Handlers", "Example\Example.Handlers\Example.Handlers.csproj", "{82AED54C-61B9-42F5-9D6E-D2897AF56F41}"
EndProject
Project("{FAE04EC0-301F-11D3-BF4B-00C04F79EFBC}") = "Example.Services", "Example\Example.Services\Example.Services.csproj", "{F38AD1A6-5A8D-402D-ADA9-90BEEA100CB7}"
EndProject
Project("{2150E333-8FDC-42A3-9474-1A3956D46DE8}") = "Tests", "Tests", "{2BC5566A-BFD6-4CAD-B239-1568656FF739}"
EndProject
Project("{FAE04EC0-301F-11D3-BF4B-00C04F79EFBC}") = "Example.Wiring", "Example\Example.Wiring\Example.Wiring.csproj", "{8F66FAF6-0602-455E-9766-8DE34AB62F71}"
EndProject
Project("{FAE04EC0-301F-11D3-BF4B-00C04F79EFBC}") = "Example.Initialize", "Example\Example.Initialize\Example.Initialize.csproj", "{6209C40D-13C3-46EE-9014-7287C440395B}"
EndProject
Project("{FAE04EC0-301F-11D3-BF4B-00C04F79EFBC}") = "Example.ReadModel", "Example\Example.ReadModel\Example.ReadModel.csproj", "{8F66BE15-F439-4C12-A97B-403D860B350A}"
EndProject
Project("{FAE04EC0-301F-11D3-BF4B-00C04F79EFBC}") = "Example.ReadModel.Tests", "Example\Example.ReadModel.Tests\Example.ReadModel.Tests.csproj", "{A988EB3E-F001-4094-87A8-BE8C1EC1C91D}"
EndProject
Global
	GlobalSection(SolutionConfigurationPlatforms) = preSolution
		Debug|Any CPU = Debug|Any CPU
		Debug|Mixed Platforms = Debug|Mixed Platforms
		Debug|x86 = Debug|x86
		Release|Any CPU = Release|Any CPU
		Release|Mixed Platforms = Release|Mixed Platforms
		Release|x86 = Release|x86
	EndGlobalSection
	GlobalSection(ProjectConfigurationPlatforms) = postSolution
		{00EA1804-0946-4022-9A1D-1904E6DDCC83}.Debug|Any CPU.ActiveCfg = Debug|Any CPU
		{00EA1804-0946-4022-9A1D-1904E6DDCC83}.Debug|Any CPU.Build.0 = Debug|Any CPU
		{00EA1804-0946-4022-9A1D-1904E6DDCC83}.Debug|Mixed Platforms.ActiveCfg = Debug|Any CPU
		{00EA1804-0946-4022-9A1D-1904E6DDCC83}.Debug|Mixed Platforms.Build.0 = Debug|Any CPU
		{00EA1804-0946-4022-9A1D-1904E6DDCC83}.Debug|x86.ActiveCfg = Debug|Any CPU
		{00EA1804-0946-4022-9A1D-1904E6DDCC83}.Release|Any CPU.ActiveCfg = Release|Any CPU
		{00EA1804-0946-4022-9A1D-1904E6DDCC83}.Release|Any CPU.Build.0 = Release|Any CPU
		{00EA1804-0946-4022-9A1D-1904E6DDCC83}.Release|Mixed Platforms.ActiveCfg = Release|Any CPU
		{00EA1804-0946-4022-9A1D-1904E6DDCC83}.Release|Mixed Platforms.Build.0 = Release|Any CPU
		{00EA1804-0946-4022-9A1D-1904E6DDCC83}.Release|x86.ActiveCfg = Release|Any CPU
		{BC2E3F68-C0D4-474D-919E-C221EC8B0DFC}.Debug|Any CPU.ActiveCfg = Debug|Any CPU
		{BC2E3F68-C0D4-474D-919E-C221EC8B0DFC}.Debug|Any CPU.Build.0 = Debug|Any CPU
		{BC2E3F68-C0D4-474D-919E-C221EC8B0DFC}.Debug|Mixed Platforms.ActiveCfg = Debug|Any CPU
		{BC2E3F68-C0D4-474D-919E-C221EC8B0DFC}.Debug|Mixed Platforms.Build.0 = Debug|Any CPU
		{BC2E3F68-C0D4-474D-919E-C221EC8B0DFC}.Debug|x86.ActiveCfg = Debug|Any CPU
		{BC2E3F68-C0D4-474D-919E-C221EC8B0DFC}.Release|Any CPU.ActiveCfg = Release|Any CPU
		{BC2E3F68-C0D4-474D-919E-C221EC8B0DFC}.Release|Any CPU.Build.0 = Release|Any CPU
		{BC2E3F68-C0D4-474D-919E-C221EC8B0DFC}.Release|Mixed Platforms.ActiveCfg = Release|Any CPU
		{BC2E3F68-C0D4-474D-919E-C221EC8B0DFC}.Release|Mixed Platforms.Build.0 = Release|Any CPU
		{BC2E3F68-C0D4-474D-919E-C221EC8B0DFC}.Release|x86.ActiveCfg = Release|Any CPU
		{16557BCB-056F-45E6-8044-46E19F406E79}.Debug|Any CPU.ActiveCfg = Debug|Any CPU
		{16557BCB-056F-45E6-8044-46E19F406E79}.Debug|Any CPU.Build.0 = Debug|Any CPU
		{16557BCB-056F-45E6-8044-46E19F406E79}.Debug|Mixed Platforms.ActiveCfg = Debug|Any CPU
		{16557BCB-056F-45E6-8044-46E19F406E79}.Debug|Mixed Platforms.Build.0 = Debug|Any CPU
		{16557BCB-056F-45E6-8044-46E19F406E79}.Debug|x86.ActiveCfg = Debug|Any CPU
		{16557BCB-056F-45E6-8044-46E19F406E79}.Release|Any CPU.ActiveCfg = Release|Any CPU
		{16557BCB-056F-45E6-8044-46E19F406E79}.Release|Any CPU.Build.0 = Release|Any CPU
		{16557BCB-056F-45E6-8044-46E19F406E79}.Release|Mixed Platforms.ActiveCfg = Release|Any CPU
		{16557BCB-056F-45E6-8044-46E19F406E79}.Release|Mixed Platforms.Build.0 = Release|Any CPU
		{16557BCB-056F-45E6-8044-46E19F406E79}.Release|x86.ActiveCfg = Release|Any CPU
		{3D468146-5993-4151-A9D7-E66FAFB78920}.Debug|Any CPU.ActiveCfg = Debug|Any CPU
		{3D468146-5993-4151-A9D7-E66FAFB78920}.Debug|Any CPU.Build.0 = Debug|Any CPU
		{3D468146-5993-4151-A9D7-E66FAFB78920}.Debug|Mixed Platforms.ActiveCfg = Debug|Any CPU
		{3D468146-5993-4151-A9D7-E66FAFB78920}.Debug|Mixed Platforms.Build.0 = Debug|Any CPU
		{3D468146-5993-4151-A9D7-E66FAFB78920}.Debug|x86.ActiveCfg = Debug|Any CPU
		{3D468146-5993-4151-A9D7-E66FAFB78920}.Release|Any CPU.ActiveCfg = Release|Any CPU
		{3D468146-5993-4151-A9D7-E66FAFB78920}.Release|Any CPU.Build.0 = Release|Any CPU
		{3D468146-5993-4151-A9D7-E66FAFB78920}.Release|Mixed Platforms.ActiveCfg = Release|Any CPU
		{3D468146-5993-4151-A9D7-E66FAFB78920}.Release|Mixed Platforms.Build.0 = Release|Any CPU
		{3D468146-5993-4151-A9D7-E66FAFB78920}.Release|x86.ActiveCfg = Release|Any CPU
		{C25F3937-A414-4397-80FB-9802CF034E5C}.Debug|Any CPU.ActiveCfg = Debug|Any CPU
		{C25F3937-A414-4397-80FB-9802CF034E5C}.Debug|Any CPU.Build.0 = Debug|Any CPU
		{C25F3937-A414-4397-80FB-9802CF034E5C}.Debug|Mixed Platforms.ActiveCfg = Debug|Any CPU
		{C25F3937-A414-4397-80FB-9802CF034E5C}.Debug|Mixed Platforms.Build.0 = Debug|Any CPU
		{C25F3937-A414-4397-80FB-9802CF034E5C}.Debug|x86.ActiveCfg = Debug|Any CPU
		{C25F3937-A414-4397-80FB-9802CF034E5C}.Release|Any CPU.ActiveCfg = Release|Any CPU
		{C25F3937-A414-4397-80FB-9802CF034E5C}.Release|Any CPU.Build.0 = Release|Any CPU
		{C25F3937-A414-4397-80FB-9802CF034E5C}.Release|Mixed Platforms.ActiveCfg = Release|Any CPU
		{C25F3937-A414-4397-80FB-9802CF034E5C}.Release|Mixed Platforms.Build.0 = Release|Any CPU
		{C25F3937-A414-4397-80FB-9802CF034E5C}.Release|x86.ActiveCfg = Release|Any CPU
		{B64FF99A-9F06-4270-8F8E-D1F39998916E}.Debug|Any CPU.ActiveCfg = Debug|Any CPU
		{B64FF99A-9F06-4270-8F8E-D1F39998916E}.Debug|Any CPU.Build.0 = Debug|Any CPU
		{B64FF99A-9F06-4270-8F8E-D1F39998916E}.Debug|Mixed Platforms.ActiveCfg = Debug|Any CPU
		{B64FF99A-9F06-4270-8F8E-D1F39998916E}.Debug|Mixed Platforms.Build.0 = Debug|Any CPU
		{B64FF99A-9F06-4270-8F8E-D1F39998916E}.Debug|x86.ActiveCfg = Debug|Any CPU
		{B64FF99A-9F06-4270-8F8E-D1F39998916E}.Release|Any CPU.ActiveCfg = Release|Any CPU
		{B64FF99A-9F06-4270-8F8E-D1F39998916E}.Release|Any CPU.Build.0 = Release|Any CPU
		{B64FF99A-9F06-4270-8F8E-D1F39998916E}.Release|Mixed Platforms.ActiveCfg = Release|Any CPU
		{B64FF99A-9F06-4270-8F8E-D1F39998916E}.Release|Mixed Platforms.Build.0 = Release|Any CPU
		{B64FF99A-9F06-4270-8F8E-D1F39998916E}.Release|x86.ActiveCfg = Release|Any CPU
		{3CA57348-CBBE-454D-AB4B-B9890DD6C2F1}.Debug|Any CPU.ActiveCfg = Debug|Any CPU
		{3CA57348-CBBE-454D-AB4B-B9890DD6C2F1}.Debug|Any CPU.Build.0 = Debug|Any CPU
		{3CA57348-CBBE-454D-AB4B-B9890DD6C2F1}.Debug|Mixed Platforms.ActiveCfg = Debug|Any CPU
		{3CA57348-CBBE-454D-AB4B-B9890DD6C2F1}.Debug|Mixed Platforms.Build.0 = Debug|Any CPU
		{3CA57348-CBBE-454D-AB4B-B9890DD6C2F1}.Debug|x86.ActiveCfg = Debug|Any CPU
		{3CA57348-CBBE-454D-AB4B-B9890DD6C2F1}.Release|Any CPU.ActiveCfg = Release|Any CPU
		{3CA57348-CBBE-454D-AB4B-B9890DD6C2F1}.Release|Any CPU.Build.0 = Release|Any CPU
		{3CA57348-CBBE-454D-AB4B-B9890DD6C2F1}.Release|Mixed Platforms.ActiveCfg = Release|Any CPU
		{3CA57348-CBBE-454D-AB4B-B9890DD6C2F1}.Release|Mixed Platforms.Build.0 = Release|Any CPU
		{3CA57348-CBBE-454D-AB4B-B9890DD6C2F1}.Release|x86.ActiveCfg = Release|Any CPU
		{0AB1DFC4-7F7D-46B9-9DC5-092B948F31A9}.Debug|Any CPU.ActiveCfg = Debug|Any CPU
		{0AB1DFC4-7F7D-46B9-9DC5-092B948F31A9}.Debug|Any CPU.Build.0 = Debug|Any CPU
		{0AB1DFC4-7F7D-46B9-9DC5-092B948F31A9}.Debug|Mixed Platforms.ActiveCfg = Debug|Any CPU
		{0AB1DFC4-7F7D-46B9-9DC5-092B948F31A9}.Debug|Mixed Platforms.Build.0 = Debug|Any CPU
		{0AB1DFC4-7F7D-46B9-9DC5-092B948F31A9}.Debug|x86.ActiveCfg = Debug|Any CPU
		{0AB1DFC4-7F7D-46B9-9DC5-092B948F31A9}.Release|Any CPU.ActiveCfg = Release|Any CPU
		{0AB1DFC4-7F7D-46B9-9DC5-092B948F31A9}.Release|Any CPU.Build.0 = Release|Any CPU
		{0AB1DFC4-7F7D-46B9-9DC5-092B948F31A9}.Release|Mixed Platforms.ActiveCfg = Release|Any CPU
		{0AB1DFC4-7F7D-46B9-9DC5-092B948F31A9}.Release|Mixed Platforms.Build.0 = Release|Any CPU
		{0AB1DFC4-7F7D-46B9-9DC5-092B948F31A9}.Release|x86.ActiveCfg = Release|Any CPU
		{26ABAC41-2681-4A63-89EB-24430636D5A7}.Debug|Any CPU.ActiveCfg = Debug|Any CPU
		{26ABAC41-2681-4A63-89EB-24430636D5A7}.Debug|Any CPU.Build.0 = Debug|Any CPU
		{26ABAC41-2681-4A63-89EB-24430636D5A7}.Debug|Mixed Platforms.ActiveCfg = Debug|Any CPU
		{26ABAC41-2681-4A63-89EB-24430636D5A7}.Debug|Mixed Platforms.Build.0 = Debug|Any CPU
		{26ABAC41-2681-4A63-89EB-24430636D5A7}.Debug|x86.ActiveCfg = Debug|Any CPU
		{26ABAC41-2681-4A63-89EB-24430636D5A7}.Release|Any CPU.ActiveCfg = Release|Any CPU
		{26ABAC41-2681-4A63-89EB-24430636D5A7}.Release|Any CPU.Build.0 = Release|Any CPU
		{26ABAC41-2681-4A63-89EB-24430636D5A7}.Release|Mixed Platforms.ActiveCfg = Release|Any CPU
		{26ABAC41-2681-4A63-89EB-24430636D5A7}.Release|Mixed Platforms.Build.0 = Release|Any CPU
		{26ABAC41-2681-4A63-89EB-24430636D5A7}.Release|x86.ActiveCfg = Release|Any CPU
		{82AED54C-61B9-42F5-9D6E-D2897AF56F41}.Debug|Any CPU.ActiveCfg = Debug|Any CPU
		{82AED54C-61B9-42F5-9D6E-D2897AF56F41}.Debug|Any CPU.Build.0 = Debug|Any CPU
		{82AED54C-61B9-42F5-9D6E-D2897AF56F41}.Debug|Mixed Platforms.ActiveCfg = Debug|Any CPU
		{82AED54C-61B9-42F5-9D6E-D2897AF56F41}.Debug|Mixed Platforms.Build.0 = Debug|Any CPU
		{82AED54C-61B9-42F5-9D6E-D2897AF56F41}.Debug|x86.ActiveCfg = Debug|Any CPU
		{82AED54C-61B9-42F5-9D6E-D2897AF56F41}.Release|Any CPU.ActiveCfg = Release|Any CPU
		{82AED54C-61B9-42F5-9D6E-D2897AF56F41}.Release|Any CPU.Build.0 = Release|Any CPU
		{82AED54C-61B9-42F5-9D6E-D2897AF56F41}.Release|Mixed Platforms.ActiveCfg = Release|Any CPU
		{82AED54C-61B9-42F5-9D6E-D2897AF56F41}.Release|Mixed Platforms.Build.0 = Release|Any CPU
		{82AED54C-61B9-42F5-9D6E-D2897AF56F41}.Release|x86.ActiveCfg = Release|Any CPU
		{F38AD1A6-5A8D-402D-ADA9-90BEEA100CB7}.Debug|Any CPU.ActiveCfg = Debug|Any CPU
		{F38AD1A6-5A8D-402D-ADA9-90BEEA100CB7}.Debug|Any CPU.Build.0 = Debug|Any CPU
		{F38AD1A6-5A8D-402D-ADA9-90BEEA100CB7}.Debug|Mixed Platforms.ActiveCfg = Debug|Any CPU
		{F38AD1A6-5A8D-402D-ADA9-90BEEA100CB7}.Debug|Mixed Platforms.Build.0 = Debug|Any CPU
		{F38AD1A6-5A8D-402D-ADA9-90BEEA100CB7}.Debug|x86.ActiveCfg = Debug|Any CPU
		{F38AD1A6-5A8D-402D-ADA9-90BEEA100CB7}.Release|Any CPU.ActiveCfg = Release|Any CPU
		{F38AD1A6-5A8D-402D-ADA9-90BEEA100CB7}.Release|Any CPU.Build.0 = Release|Any CPU
		{F38AD1A6-5A8D-402D-ADA9-90BEEA100CB7}.Release|Mixed Platforms.ActiveCfg = Release|Any CPU
		{F38AD1A6-5A8D-402D-ADA9-90BEEA100CB7}.Release|Mixed Platforms.Build.0 = Release|Any CPU
		{F38AD1A6-5A8D-402D-ADA9-90BEEA100CB7}.Release|x86.ActiveCfg = Release|Any CPU
		{8F66FAF6-0602-455E-9766-8DE34AB62F71}.Debug|Any CPU.ActiveCfg = Debug|Any CPU
		{8F66FAF6-0602-455E-9766-8DE34AB62F71}.Debug|Any CPU.Build.0 = Debug|Any CPU
		{8F66FAF6-0602-455E-9766-8DE34AB62F71}.Debug|Mixed Platforms.ActiveCfg = Debug|Any CPU
		{8F66FAF6-0602-455E-9766-8DE34AB62F71}.Debug|Mixed Platforms.Build.0 = Debug|Any CPU
		{8F66FAF6-0602-455E-9766-8DE34AB62F71}.Debug|x86.ActiveCfg = Debug|Any CPU
		{8F66FAF6-0602-455E-9766-8DE34AB62F71}.Release|Any CPU.ActiveCfg = Release|Any CPU
		{8F66FAF6-0602-455E-9766-8DE34AB62F71}.Release|Any CPU.Build.0 = Release|Any CPU
		{8F66FAF6-0602-455E-9766-8DE34AB62F71}.Release|Mixed Platforms.ActiveCfg = Release|Any CPU
		{8F66FAF6-0602-455E-9766-8DE34AB62F71}.Release|Mixed Platforms.Build.0 = Release|Any CPU
		{8F66FAF6-0602-455E-9766-8DE34AB62F71}.Release|x86.ActiveCfg = Release|Any CPU
		{6209C40D-13C3-46EE-9014-7287C440395B}.Debug|Any CPU.ActiveCfg = Debug|x86
		{6209C40D-13C3-46EE-9014-7287C440395B}.Debug|Mixed Platforms.ActiveCfg = Debug|x86
		{6209C40D-13C3-46EE-9014-7287C440395B}.Debug|Mixed Platforms.Build.0 = Debug|x86
		{6209C40D-13C3-46EE-9014-7287C440395B}.Debug|x86.ActiveCfg = Debug|x86
		{6209C40D-13C3-46EE-9014-7287C440395B}.Debug|x86.Build.0 = Debug|x86
		{6209C40D-13C3-46EE-9014-7287C440395B}.Release|Any CPU.ActiveCfg = Release|x86
		{6209C40D-13C3-46EE-9014-7287C440395B}.Release|Mixed Platforms.ActiveCfg = Release|x86
		{6209C40D-13C3-46EE-9014-7287C440395B}.Release|Mixed Platforms.Build.0 = Release|x86
		{6209C40D-13C3-46EE-9014-7287C440395B}.Release|x86.ActiveCfg = Release|x86
		{6209C40D-13C3-46EE-9014-7287C440395B}.Release|x86.Build.0 = Release|x86
		{8F66BE15-F439-4C12-A97B-403D860B350A}.Debug|Any CPU.ActiveCfg = Debug|Any CPU
		{8F66BE15-F439-4C12-A97B-403D860B350A}.Debug|Any CPU.Build.0 = Debug|Any CPU
		{8F66BE15-F439-4C12-A97B-403D860B350A}.Debug|Mixed Platforms.ActiveCfg = Debug|Any CPU
		{8F66BE15-F439-4C12-A97B-403D860B350A}.Debug|Mixed Platforms.Build.0 = Debug|Any CPU
		{8F66BE15-F439-4C12-A97B-403D860B350A}.Debug|x86.ActiveCfg = Debug|Any CPU
		{8F66BE15-F439-4C12-A97B-403D860B350A}.Release|Any CPU.ActiveCfg = Release|Any CPU
		{8F66BE15-F439-4C12-A97B-403D860B350A}.Release|Any CPU.Build.0 = Release|Any CPU
		{8F66BE15-F439-4C12-A97B-403D860B350A}.Release|Mixed Platforms.ActiveCfg = Release|Any CPU
		{8F66BE15-F439-4C12-A97B-403D860B350A}.Release|Mixed Platforms.Build.0 = Release|Any CPU
		{8F66BE15-F439-4C12-A97B-403D860B350A}.Release|x86.ActiveCfg = Release|Any CPU
		{A988EB3E-F001-4094-87A8-BE8C1EC1C91D}.Debug|Any CPU.ActiveCfg = Debug|Any CPU
		{A988EB3E-F001-4094-87A8-BE8C1EC1C91D}.Debug|Any CPU.Build.0 = Debug|Any CPU
		{A988EB3E-F001-4094-87A8-BE8C1EC1C91D}.Debug|Mixed Platforms.ActiveCfg = Debug|Any CPU
		{A988EB3E-F001-4094-87A8-BE8C1EC1C91D}.Debug|Mixed Platforms.Build.0 = Debug|Any CPU
		{A988EB3E-F001-4094-87A8-BE8C1EC1C91D}.Debug|x86.ActiveCfg = Debug|Any CPU
		{A988EB3E-F001-4094-87A8-BE8C1EC1C91D}.Release|Any CPU.ActiveCfg = Release|Any CPU
		{A988EB3E-F001-4094-87A8-BE8C1EC1C91D}.Release|Any CPU.Build.0 = Release|Any CPU
		{A988EB3E-F001-4094-87A8-BE8C1EC1C91D}.Release|Mixed Platforms.ActiveCfg = Release|Any CPU
		{A988EB3E-F001-4094-87A8-BE8C1EC1C91D}.Release|Mixed Platforms.Build.0 = Release|Any CPU
		{A988EB3E-F001-4094-87A8-BE8C1EC1C91D}.Release|x86.ActiveCfg = Release|Any CPU
	EndGlobalSection
	GlobalSection(SolutionProperties) = preSolution
		HideSolutionNode = FALSE
	EndGlobalSection
	GlobalSection(NestedProjects) = preSolution
		{BC2E3F68-C0D4-474D-919E-C221EC8B0DFC} = {ED33E20C-D512-4CCB-A817-9C93F1A15076}
		{3D468146-5993-4151-A9D7-E66FAFB78920} = {ED33E20C-D512-4CCB-A817-9C93F1A15076}
		{C25F3937-A414-4397-80FB-9802CF034E5C} = {ED33E20C-D512-4CCB-A817-9C93F1A15076}
		{B64FF99A-9F06-4270-8F8E-D1F39998916E} = {ED33E20C-D512-4CCB-A817-9C93F1A15076}
		{3CA57348-CBBE-454D-AB4B-B9890DD6C2F1} = {ED33E20C-D512-4CCB-A817-9C93F1A15076}
		{0AB1DFC4-7F7D-46B9-9DC5-092B948F31A9} = {ED33E20C-D512-4CCB-A817-9C93F1A15076}
		{2BC5566A-BFD6-4CAD-B239-1568656FF739} = {ED33E20C-D512-4CCB-A817-9C93F1A15076}
		{82AED54C-61B9-42F5-9D6E-D2897AF56F41} = {ED33E20C-D512-4CCB-A817-9C93F1A15076}
		{F38AD1A6-5A8D-402D-ADA9-90BEEA100CB7} = {ED33E20C-D512-4CCB-A817-9C93F1A15076}
		{8F66FAF6-0602-455E-9766-8DE34AB62F71} = {ED33E20C-D512-4CCB-A817-9C93F1A15076}
		{6209C40D-13C3-46EE-9014-7287C440395B} = {ED33E20C-D512-4CCB-A817-9C93F1A15076}
		{8F66BE15-F439-4C12-A97B-403D860B350A} = {ED33E20C-D512-4CCB-A817-9C93F1A15076}
		{26ABAC41-2681-4A63-89EB-24430636D5A7} = {2BC5566A-BFD6-4CAD-B239-1568656FF739}
		{A988EB3E-F001-4094-87A8-BE8C1EC1C91D} = {2BC5566A-BFD6-4CAD-B239-1568656FF739}
	EndGlobalSection
EndGlobal
